
Microsoft Visual Studio Solution File, Format Version 12.00
# Visual Studio Version 16
VisualStudioVersion = 16.0.29318.209
MinimumVisualStudioVersion = 10.0.40219.1
Project("{FAE04EC0-301F-11D3-BF4B-00C04F79EFBC}") = "ejercicioide 3", "ejercicioide 3\ejercicioide 3.csproj", "{A005D6F7-478A-4EDF-B7A2-C9120CBA8523}"
EndProject
Global
	GlobalSection(SolutionConfigurationPlatforms) = preSolution
		Debug|Any CPU = Debug|Any CPU
		Release|Any CPU = Release|Any CPU
	EndGlobalSection
	GlobalSection(ProjectConfigurationPlatforms) = postSolution
		{A005D6F7-478A-4EDF-B7A2-C9120CBA8523}.Debug|Any CPU.ActiveCfg = Debug|Any CPU
		{A005D6F7-478A-4EDF-B7A2-C9120CBA8523}.Debug|Any CPU.Build.0 = Debug|Any CPU
		{A005D6F7-478A-4EDF-B7A2-C9120CBA8523}.Release|Any CPU.ActiveCfg = Release|Any CPU
		{A005D6F7-478A-4EDF-B7A2-C9120CBA8523}.Release|Any CPU.Build.0 = Release|Any CPU
	EndGlobalSection
	GlobalSection(SolutionProperties) = preSolution
		HideSolutionNode = FALSE
	EndGlobalSection
	GlobalSection(ExtensibilityGlobals) = postSolution
		SolutionGuid = {C410CB5B-2526-4825-8594-6A0CFA602CCC}
	EndGlobalSection
EndGlobal
